
Microsoft Visual Studio Solution File, Format Version 12.00
# Visual Studio Version 17
VisualStudioVersion = 17.14.36623.8 d17.14
MinimumVisualStudioVersion = 10.0.40219.1
Project("{FAE04EC0-301F-11D3-BF4B-00C04F79EFBC}") = "BT09", "BT09.csproj", "{A843F413-6101-49B7-B0E3-6B323D0CB9D0}"
EndProject
Global
	GlobalSection(SolutionConfigurationPlatforms) = preSolution
		Debug|Any CPU = Debug|Any CPU
		Release|Any CPU = Release|Any CPU
	EndGlobalSection
	GlobalSection(ProjectConfigurationPlatforms) = postSolution
		{A843F413-6101-49B7-B0E3-6B323D0CB9D0}.Debug|Any CPU.ActiveCfg = Debug|Any CPU
		{A843F413-6101-49B7-B0E3-6B323D0CB9D0}.Debug|Any CPU.Build.0 = Debug|Any CPU
		{A843F413-6101-49B7-B0E3-6B323D0CB9D0}.Release|Any CPU.ActiveCfg = Release|Any CPU
		{A843F413-6101-49B7-B0E3-6B323D0CB9D0}.Release|Any CPU.Build.0 = Release|Any CPU
	EndGlobalSection
	GlobalSection(SolutionProperties) = preSolution
		HideSolutionNode = FALSE
	EndGlobalSection
	GlobalSection(ExtensibilityGlobals) = postSolution
		SolutionGuid = {108820A1-E485-49B5-9567-46197AC6CA87}
	EndGlobalSection
EndGlobal
